{
  "name": "newbayeszh",
  "version": "1.0.0",
  "lockfileVersion": 1,
  "requires": true,
  "dependencies": {
    "nodejieba": {
      "version": "2.2.6",
      "resolved": "https://registry.npmjs.org/nodejieba/-/nodejieba-2.2.6.tgz",
      "integrity": "sha1-F81BZwW3sBwGLmzZ1xebMEU+tKM=",
      "requires": {
        "nan": "2.10.0"
      },
      "dependencies": {
        "nan": {
          "version": "2.10.0",
          "resolved": "https://registry.npmjs.org/nan/-/nan-2.10.0.tgz",
          "integrity": "sha512-bAdJv7fBLhWC+/Bls0Oza+mvTaNQtP+1RyhhhvD95pgUJz6XM5IzgmxOkItJ9tkoCiplvAnXI1tNmmUD/eScyA=="
        }
      }
    }
  }
}
